
Microsoft Visual Studio Solution File, Format Version 12.00
# Visual Studio Version 16
VisualStudioVersion = 16.0.30523.141
MinimumVisualStudioVersion = 10.0.40219.1
Project("{FAE04EC0-301F-11D3-BF4B-00C04F79EFBC}") = "HelloASPDotNET", "HelloASPDotNET.csproj", "{BE872852-A155-424B-95AC-CF22C9838BAB}"
EndProject
Global
	GlobalSection(SolutionConfigurationPlatforms) = preSolution
		Debug|Any CPU = Debug|Any CPU
		Release|Any CPU = Release|Any CPU
	EndGlobalSection
	GlobalSection(ProjectConfigurationPlatforms) = postSolution
		{BE872852-A155-424B-95AC-CF22C9838BAB}.Debug|Any CPU.ActiveCfg = Debug|Any CPU
		{BE872852-A155-424B-95AC-CF22C9838BAB}.Debug|Any CPU.Build.0 = Debug|Any CPU
		{BE872852-A155-424B-95AC-CF22C9838BAB}.Release|Any CPU.ActiveCfg = Release|Any CPU
		{BE872852-A155-424B-95AC-CF22C9838BAB}.Release|Any CPU.Build.0 = Release|Any CPU
	EndGlobalSection
	GlobalSection(SolutionProperties) = preSolution
		HideSolutionNode = FALSE
	EndGlobalSection
	GlobalSection(ExtensibilityGlobals) = postSolution
		SolutionGuid = {5C86C936-1A4A-4059-810F-2C8F48871C83}
	EndGlobalSection
EndGlobal
